// !$*UTF8*$!
{
	archiveVersion = 1;
	classes = {
	};
	objectVersion = 46;
	objects = {

/* Begin PBXBuildFile section */
		62C043491F1EFC1700FD6D38 /* AppDelegate.swift in Sources */ = {isa = PBXBuildFile; fileRef = 62C043481F1EFC1700FD6D38 /* AppDelegate.swift */; };
		62C0434B1F1EFC1700FD6D38 /* ViewController.swift in Sources */ = {isa = PBXBuildFile; fileRef = 62C0434A1F1EFC1700FD6D38 /* ViewController.swift */; };
		62C0434E1F1EFC1700FD6D38 /* Main.storyboard in Resources */ = {isa = PBXBuildFile; fileRef = 62C0434C1F1EFC1700FD6D38 /* Main.storyboard */; };
		62C043501F1EFC1700FD6D38 /* Assets.xcassets in Resources */ = {isa = PBXBuildFile; fileRef = 62C0434F1F1EFC1700FD6D38 /* Assets.xcassets */; };
		62C043531F1EFC1700FD6D38 /* LaunchScreen.storyboard in Resources */ = {isa = PBXBuildFile; fileRef = 62C043511F1EFC1700FD6D38 /* LaunchScreen.storyboard */; };
		62C0435B1F1EFDF800FD6D38 /* GLSegmentView.swift in Sources */ = {isa = PBXBuildFile; fileRef = 62C0435A1F1EFDF800FD6D38 /* GLSegmentView.swift */; };
		62C0435D1F1EFE1300FD6D38 /* GLSegmentView.xib in Resources */ = {isa = PBXBuildFile; fileRef = 62C0435C1F1EFE1300FD6D38 /* GLSegmentView.xib */; };
/* End PBXBuildFile section */

/* Begin PBXFileReference section */
		62C043451F1EFC1700FD6D38 /* GLSegmentView.app */ = {isa = PBXFileReference; explicitFileType = wrapper.application; includeInIndex = 0; path = GLSegmentView.app; sourceTree = BUILT_PRODUCTS_DIR; };
		62C043481F1EFC1700FD6D38 /* AppDelegate.swift */ = {isa = PBXFileReference; lastKnownFileType = sourcecode.swift; path = AppDelegate.swift; sourceTree = "<group>"; };
		62C0434A1F1EFC1700FD6D38 /* ViewController.swift */ = {isa = PBXFileReference; lastKnownFileType = sourcecode.swift; path = ViewController.swift; sourceTree = "<group>"; };
		62C0434D1F1EFC1700FD6D38 /* Base */ = {isa = PBXFileReference; lastKnownFileType = file.storyboard; name = Base; path = Base.lproj/Main.storyboard; sourceTree = "<group>"; };
		62C0434F1F1EFC1700FD6D38 /* Assets.xcassets */ = {isa = PBXFileReference; lastKnownFileType = folder.assetcatalog; path = Assets.xcassets; sourceTree = "<group>"; };
		62C043521F1EFC1700FD6D38 /* Base */ = {isa = PBXFileReference; lastKnownFileType = file.storyboard; name = Base; path = Base.lproj/LaunchScreen.storyboard; sourceTree = "<group>"; };
		62C043541F1EFC1700FD6D38 /* Info.plist */ = {isa = PBXFileReference; lastKnownFileType = text.plist.xml; path = Info.plist; sourceTree = "<group>"; };
		62C0435A1F1EFDF800FD6D38 /* GLSegmentView.swift */ = {isa = PBXFileReference; fileEncoding = 4; lastKnownFileType = sourcecode.swift; path = GLSegmentView.swift; sourceTree = "<group>"; };
		62C0435C1F1EFE1300FD6D38 /* GLSegmentView.xib */ = {isa = PBXFileReference; fileEncoding = 4; lastKnownFileType = file.xib; path = GLSegmentView.xib; sourceTree = "<group>"; };
/* End PBXFileReference section */

/* Begin PBXFrameworksBuildPhase section */
		62C043421F1EFC1700FD6D38 /* Frameworks */ = {
			isa = PBXFrameworksBuildPhase;
			buildActionMask = 2147483647;
			files = (
			);
			runOnlyForDeploymentPostprocessing = 0;
		};
/* End PBXFrameworksBuildPhase section */

/* Begin PBXGroup section */
		62C0433C1F1EFC1700FD6D38 = {
			isa = PBXGroup;
			children = (
				62C043471F1EFC1700FD6D38 /* GLSegmentView */,
				62C043461F1EFC1700FD6D38 /* Products */,
			);
			sourceTree = "<group>";
		};
		62C043461F1EFC1700FD6D38 /* Products */ = {
			isa = PBXGroup;
			children = (
				62C043451F1EFC1700FD6D38 /* GLSegmentView.app */,
			);
			name = Products;
			sourceTree = "<group>";
		};
		62C043471F1EFC1700FD6D38 /* GLSegmentView */ = {
			isa = PBXGroup;
			children = (
				62C043481F1EFC1700FD6D38 /* AppDelegate.swift */,
				62C0434C1F1EFC1700FD6D38 /* Main.storyboard */,
				62C0434A1F1EFC1700FD6D38 /* ViewController.swift */,
				62C0435A1F1EFDF800FD6D38 /* GLSegmentView.swift */,
				62C0435C1F1EFE1300FD6D38 /* GLSegmentView.xib */,
				62C0434F1F1EFC1700FD6D38 /* Assets.xcassets */,
				62C043511F1EFC1700FD6D38 /* LaunchScreen.storyboard */,
				62C043541F1EFC1700FD6D38 /* Info.plist */,
			);
			path = GLSegmentView;
			sourceTree = "<group>";
		};
/* End PBXGroup section */

/* Begin PBXNativeTarget section */
		62C043441F1EFC1700FD6D38 /* GLSegmentView */ = {
			isa = PBXNativeTarget;
			buildConfigurationList = 62C043571F1EFC1700FD6D38 /* Build configuration list for PBXNativeTarget "GLSegmentView" */;
			buildPhases = (
				62C043411F1EFC1700FD6D38 /* Sources */,
				62C043421F1EFC1700FD6D38 /* Frameworks */,
				62C043431F1EFC1700FD6D38 /* Resources */,
			);
			buildRules = (
			);
			dependencies = (
			);
			name = GLSegmentView;
			productName = GLSegmentView;
			productReference = 62C043451F1EFC1700FD6D38 /* GLSegmentView.app */;
			productType = "com.apple.product-type.application";
		};
/* End PBXNativeTarget section */

/* Begin PBXProject section */
		62C0433D1F1EFC1700FD6D38 /* Project object */ = {
			isa = PBXProject;
			attributes = {
				LastSwiftUpdateCheck = 0830;
				LastUpgradeCheck = 0830;
				ORGANIZATIONNAME = loongod;
				TargetAttributes = {
					62C043441F1EFC1700FD6D38 = {
						CreatedOnToolsVersion = 8.3.2;
						DevelopmentTeam = 9BW9888484;
						ProvisioningStyle = Automatic;
					};
				};
			};
			buildConfigurationList = 62C043401F1EFC1700FD6D38 /* Build configuration list for PBXProject "GLSegmentView" */;
			compatibilityVersion = "Xcode 3.2";
			developmentRegion = English;
			hasScannedForEncodings = 0;
			knownRegions = (
				en,
				Base,
			);
			mainGroup = 62C0433C1F1EFC1700FD6D38;
			productRefGroup = 62C043461F1EFC1700FD6D38 /* Products */;
			projectDirPath = "";
			projectRoot = "";
			targets = (
				62C043441F1EFC1700FD6D38 /* GLSegmentView */,
			);
		};
/* End PBXProject section */

/* Begin PBXResourcesBuildPhase section */
		62C043431F1EFC1700FD6D38 /* Resources */ = {
			isa = PBXResourcesBuildPhase;
			buildActionMask = 2147483647;
			files = (
				62C043531F1EFC1700FD6D38 /* LaunchScreen.storyboard in Resources */,
				62C043501F1EFC1700FD6D38 /* Assets.xcassets in Resources */,
				62C0434E1F1EFC1700FD6D38 /* Main.storyboard in Resources */,
				62C0435D1F1EFE1300FD6D38 /* GLSegmentView.xib in Resources */,
			);
			runOnlyForDeploymentPostprocessing = 0;
		};
/* End PBXResourcesBuildPhase section */

/* Begin PBXSourcesBuildPhase section */
		62C043411F1EFC1700FD6D38 /* Sources */ = {
			isa = PBXSourcesBuildPhase;
			buildActionMask = 2147483647;
			files = (
				62C0434B1F1EFC1700FD6D38 /* ViewController.swift in Sources */,
				62C043491F1EFC1700FD6D38 /* AppDelegate.swift in Sources */,
				62C0435B1F1EFDF800FD6D38 /* GLSegmentView.swift in Sources */,
			);
			runOnlyForDeploymentPostprocessing = 0;
		};
/* End PBXSourcesBuildPhase section */

/* Begin PBXVariantGroup section */
		62C0434C1F1EFC1700FD6D38 /* Main.storyboard */ = {
			isa = PBXVariantGroup;
			children = (
				62C0434D1F1EFC1700FD6D38 /* Base */,
			);
			name = Main.storyboard;
			sourceTree = "<group>";
		};
		62C043511F1EFC1700FD6D38 /* LaunchScreen.storyboard */ = {
			isa = PBXVariantGroup;
			children = (
				62C043521F1EFC1700FD6D38 /* Base */,
			);
			name = LaunchScreen.storyboard;
			sourceTree = "<group>";
		};
/* End PBXVariantGroup section */

/* Begin XCBuildConfiguration section */
		62C043551F1EFC1700FD6D38 /* Debug */ = {
			isa = XCBuildConfiguration;
			buildSettings = {
				ALWAYS_SEARCH_USER_PATHS = NO;
				CLANG_ANALYZER_NONNULL = YES;
				CLANG_ANALYZER_NUMBER_OBJECT_CONVERSION = YES_AGGRESSIVE;
				CLANG_CXX_LANGUAGE_STANDARD = "gnu++0x";
				CLANG_CXX_LIBRARY = "libc++";
				CLANG_ENABLE_MODULES = YES;
				CLANG_ENABLE_OBJC_ARC = YES;
				CLANG_WARN_BOOL_CONVERSION = YES;
				CLANG_WARN_CONSTANT_CONVERSION = YES;
				CLANG_WARN_DIRECT_OBJC_ISA_USAGE = YES_ERROR;
				CLANG_WARN_DOCUMENTATION_COMMENTS = YES;
				CLANG_WARN_EMPTY_BODY = YES;
				CLANG_WARN_ENUM_CONVERSION = YES;
				CLANG_WARN_INFINITE_RECURSION = YES;
				CLANG_WARN_INT_CONVERSION = YES;
				CLANG_WARN_OBJC_ROOT_CLASS = YES_ERROR;
				CLANG_WARN_SUSPICIOUS_MOVE = YES;
				CLANG_WARN_UNREACHABLE_CODE = YES;
				CLANG_WARN__DUPLICATE_METHOD_MATCH = YES;
				"CODE_SIGN_IDENTITY[sdk=iphoneos*]" = "iPhone Developer";
				COPY_PHASE_STRIP = NO;
				DEBUG_INFORMATION_FORMAT = dwarf;
				ENABLE_STRICT_OBJC_MSGSEND = YES;
				ENABLE_TESTABILITY = YES;
				GCC_C_LANGUAGE_STANDARD = gnu99;
				GCC_DYNAMIC_NO_PIC = NO;
				GCC_NO_COMMON_BLOCKS = YES;
				GCC_OPTIMIZATION_LEVEL = 0;
				GCC_PREPROCESSOR_DEFINITIONS = (
					"DEBUG=1",
					"$(inherited)",
				);
				GCC_WARN_64_TO_32_BIT_CONVERSION = YES;
				GCC_WARN_ABOUT_RETURN_TYPE = YES_ERROR;
				GCC_WARN_UNDECLARED_SELECTOR = YES;
				GCC_WARN_UNINITIALIZED_AUTOS = YES_AGGRESSIVE;
				GCC_WARN_UNUSED_FUNCTION = YES;
				GCC_WARN_UNUSED_VARIABLE = YES;
				IPHONEOS_DEPLOYMENT_TARGET = 10.3;
				MTL_ENABLE_DEBUG_INFO = YES;
				ONLY_ACTIVE_ARCH = YES;
				SDKROOT = iphoneos;
				SWIFT_ACTIVE_COMPILATION_CONDITIONS = DEBUG;
				SWIFT_OPTIMIZATION_LEVEL = "-Onone";
				TARGETED_DEVICE_FAMILY = "1,2";
			};
			name = Debug;
		};
		62C043561F1EFC1700FD6D38 /* Release */ = {
			isa = XCBuildConfiguration;
			buildSettings = {
				ALWAYS_SEARCH_USER_PATHS = NO;
				CLANG_ANALYZER_NONNULL = YES;
				CLANG_ANALYZER_NUMBER_OBJECT_CONVERSION = YES_AGGRESSIVE;
				CLANG_CXX_LANGUAGE_STANDARD = "gnu++0x";
				CLANG_CXX_LIBRARY = "libc++";
				CLANG_ENABLE_MODULES = YES;
				CLANG_ENABLE_OBJC_ARC = YES;
				CLANG_WARN_BOOL_CONVERSION = YES;
				CLANG_WARN_CONSTANT_CONVERSION = YES;
				CLANG_WARN_DIRECT_OBJC_ISA_USAGE = YES_ERROR;
				CLANG_WARN_DOCUMENTATION_COMMENTS = YES;
				CLANG_WARN_EMPTY_BODY = YES;
				CLANG_WARN_ENUM_CONVERSION = YES;
				CLANG_WARN_INFINITE_RECURSION = YES;
				CLANG_WARN_INT_CONVERSION = YES;
				CLANG_WARN_OBJC_ROOT_CLASS = YES_ERROR;
				CLANG_WARN_SUSPICIOUS_MOVE = YES;
				CLANG_WARN_UNREACHABLE_CODE = YES;
				CLANG_WARN__DUPLICATE_METHOD_MATCH = YES;
				"CODE_SIGN_IDENTITY[sdk=iphoneos*]" = "iPhone Developer";
				COPY_PHASE_STRIP = NO;
				DEBUG_INFORMATION_FORMAT = "dwarf-with-dsym";
				ENABLE_NS_ASSERTIONS = NO;
				ENABLE_STRICT_OBJC_MSGSEND = YES;
				GCC_C_LANGUAGE_STANDARD = gnu99;
				GCC_NO_COMMON_BLOCKS = YES;
				GCC_WARN_64_TO_32_BIT_CONVERSION = YES;
				GCC_WARN_ABOUT_RETURN_TYPE = YES_ERROR;
				GCC_WARN_UNDECLARED_SELECTOR = YES;
				GCC_WARN_UNINITIALIZED_AUTOS = YES_AGGRESSIVE;
				GCC_WARN_UNUSED_FUNCTION = YES;
				GCC_WARN_UNUSED_VARIABLE = YES;
				IPHONEOS_DEPLOYMENT_TARGET = 10.3;
				MTL_ENABLE_DEBUG_INFO = NO;
				SDKROOT = iphoneos;
				SWIFT_OPTIMIZATION_LEVEL = "-Owholemodule";
				TARGETED_DEVICE_FAMILY = "1,2";
				VALIDATE_PRODUCT = YES;
			};
			name = Release;
		};
		62C043581F1EFC1700FD6D38 /* Debug */ = {
			isa = XCBuildConfiguration;
			buildSettings = {
				ASSETCATALOG_COMPILER_APPICON_NAME = AppIcon;
				DEVELOPMENT_TEAM = 9BW9888484;
				INFOPLIST_FILE = GLSegmentView/Info.plist;
				IPHONEOS_DEPLOYMENT_TARGET = 9.0;
				LD_RUNPATH_SEARCH_PATHS = "$(inherited) @executable_path/Frameworks";
				PRODUCT_BUNDLE_IDENTIFIER = GL.GLSegmentView;
				PRODUCT_NAME = "$(TARGET_NAME)";
				SWIFT_VERSION = 3.0;
			};
			name = Debug;
		};
		62C043591F1EFC1700FD6D38 /* Release */ = {
			isa = XCBuildConfiguration;
			buildSettings = {
				ASSETCATALOG_COMPILER_APPICON_NAME = AppIcon;
				DEVELOPMENT_TEAM = 9BW9888484;
				INFOPLIST_FILE = GLSegmentView/Info.plist;
				IPHONEOS_DEPLOYMENT_TARGET = 9.0;
				LD_RUNPATH_SEARCH_PATHS = "$(inherited) @executable_path/Frameworks";
				PRODUCT_BUNDLE_IDENTIFIER = GL.GLSegmentView;
				PRODUCT_NAME = "$(TARGET_NAME)";
				SWIFT_VERSION = 3.0;
			};
			name = Release;
		};
/* End XCBuildConfiguration section */

/* Begin XCConfigurationList section */
		62C043401F1EFC1700FD6D38 /* Build configuration list for PBXProject "GLSegmentView" */ = {
			isa = XCConfigurationList;
			buildConfigurations = (
				62C043551F1EFC1700FD6D38 /* Debug */,
				62C043561F1EFC1700FD6D38 /* Release */,
			);
			defaultConfigurationIsVisible = 0;
			defaultConfigurationName = Release;
		};
		62C043571F1EFC1700FD6D38 /* Build configuration list for PBXNativeTarget "GLSegmentView" */ = {
			isa = XCConfigurationList;
			buildConfigurations = (
				62C043581F1EFC1700FD6D38 /* Debug */,
				62C043591F1EFC1700FD6D38 /* Release */,
			);
			defaultConfigurationIsVisible = 0;
			defaultConfigurationName = Release;
		};
/* End XCConfigurationList section */
	};
	rootObject = 62C0433D1F1EFC1700FD6D38 /* Project object */;
}
